
Microsoft Visual Studio Solution File, Format Version 12.00
# Visual Studio Version 17
VisualStudioVersion = 17.14.36930.0 d17.14
MinimumVisualStudioVersion = 10.0.40219.1
Project("{8BC9CEB8-8B4A-11D0-8D11-00A0C91BC942}") = "AIE-2.1.1-Print-Array", "AIE-2.1.1-Print-Array\AIE-2.1.1-Print-Array.vcxproj", "{F3AE81EC-60AA-417B-88A2-39886FF2D696}"
EndProject
Global
	GlobalSection(SolutionConfigurationPlatforms) = preSolution
		Debug|x64 = Debug|x64
		Debug|x86 = Debug|x86
		Release|x64 = Release|x64
		Release|x86 = Release|x86
	EndGlobalSection
	GlobalSection(ProjectConfigurationPlatforms) = postSolution
		{F3AE81EC-60AA-417B-88A2-39886FF2D696}.Debug|x64.ActiveCfg = Debug|x64
		{F3AE81EC-60AA-417B-88A2-39886FF2D696}.Debug|x64.Build.0 = Debug|x64
		{F3AE81EC-60AA-417B-88A2-39886FF2D696}.Debug|x86.ActiveCfg = Debug|Win32
		{F3AE81EC-60AA-417B-88A2-39886FF2D696}.Debug|x86.Build.0 = Debug|Win32
		{F3AE81EC-60AA-417B-88A2-39886FF2D696}.Release|x64.ActiveCfg = Release|x64
		{F3AE81EC-60AA-417B-88A2-39886FF2D696}.Release|x64.Build.0 = Release|x64
		{F3AE81EC-60AA-417B-88A2-39886FF2D696}.Release|x86.ActiveCfg = Release|Win32
		{F3AE81EC-60AA-417B-88A2-39886FF2D696}.Release|x86.Build.0 = Release|Win32
	EndGlobalSection
	GlobalSection(SolutionProperties) = preSolution
		HideSolutionNode = FALSE
	EndGlobalSection
	GlobalSection(ExtensibilityGlobals) = postSolution
		SolutionGuid = {CF1A86C0-360B-4FB9-83B9-FE1F5417262B}
	EndGlobalSection
EndGlobal
